
Microsoft Visual Studio Solution File, Format Version 12.00
# Visual Studio 14
VisualStudioVersion = 14.0.25420.1
MinimumVisualStudioVersion = 10.0.40219.1
Project("{8BC9CEB8-8B4A-11D0-8D11-00A0C91BC942}") = "AudioCompiler", "AudioCompiler.vcxproj", "{5CE99BF5-4A77-48FE-9303-72271C34551D}"
EndProject
Project("{911E67C6-3D85-4FCE-B560-20A9C3E3FF48}") = "program", "program.exe", "{F37EE15A-7EE2-46B0-85FA-D1479BE0E68D}"
	ProjectSection(DebuggerProjectSystem) = preProject
		PortSupplier = 00000000-0000-0000-0000-000000000000
		Executable = C:\Users\Kree\Desktop\Modern General\Work\AudioCompiler\program.exe
		RemoteMachine = DESKTOP-76VSRKD
		StartingDirectory = C:\Users\Kree\Desktop\Modern General\Work\AudioCompiler
		Environment = Default
		LaunchingEngine = 00000000-0000-0000-0000-000000000000
		UseLegacyDebugEngines = No
		LaunchSQLEngine = No
		AttachLaunchAction = No
	EndProjectSection
EndProject
Project("{911E67C6-3D85-4FCE-B560-20A9C3E3FF48}") = "dumpbin", "..\..\..\..\..\..\Program Files (x86)\Microsoft Visual Studio 14.0\VC\bin\dumpbin.exe", "{4A446442-7A28-49E7-8028-63166A74A4F6}"
	ProjectSection(DebuggerProjectSystem) = preProject
		PortSupplier = 00000000-0000-0000-0000-000000000000
		Executable = C:\Program Files (x86)\Microsoft Visual Studio 14.0\VC\bin\dumpbin.exe
		RemoteMachine = DESKTOP-HK2KPHM
		StartingDirectory = C:\Program Files (x86)\Microsoft Visual Studio 14.0\VC\bin
		Environment = Default
		LaunchingEngine = 00000000-0000-0000-0000-000000000000
		UseLegacyDebugEngines = No
		LaunchSQLEngine = No
		AttachLaunchAction = No
	EndProjectSection
EndProject
Project("{911E67C6-3D85-4FCE-B560-20A9C3E3FF48}") = "simple", "simple.exe", "{9954D133-5EB0-4F4F-8D86-8AAAD504BB31}"
	ProjectSection(DebuggerProjectSystem) = preProject
		PortSupplier = 00000000-0000-0000-0000-000000000000
		Executable = C:\Users\Kree\Desktop\Modern General\Work\AudioCompiler\simple.exe
		RemoteMachine = DESKTOP-HK2KPHM
		StartingDirectory = C:\Users\Kree\Desktop\Modern General\Work\AudioCompiler
		Environment = Default
		LaunchingEngine = 00000000-0000-0000-0000-000000000000
		UseLegacyDebugEngines = No
		LaunchSQLEngine = No
		AttachLaunchAction = No
	EndProjectSection
EndProject
Global
	GlobalSection(SolutionConfigurationPlatforms) = preSolution
		Debug|x64 = Debug|x64
		Debug|x86 = Debug|x86
		Release|x64 = Release|x64
		Release|x86 = Release|x86
	EndGlobalSection
	GlobalSection(ProjectConfigurationPlatforms) = postSolution
		{5CE99BF5-4A77-48FE-9303-72271C34551D}.Debug|x64.ActiveCfg = Debug|x64
		{5CE99BF5-4A77-48FE-9303-72271C34551D}.Debug|x64.Build.0 = Debug|x64
		{5CE99BF5-4A77-48FE-9303-72271C34551D}.Debug|x86.ActiveCfg = Debug|Win32
		{5CE99BF5-4A77-48FE-9303-72271C34551D}.Debug|x86.Build.0 = Debug|Win32
		{5CE99BF5-4A77-48FE-9303-72271C34551D}.Release|x64.ActiveCfg = Release|x64
		{5CE99BF5-4A77-48FE-9303-72271C34551D}.Release|x64.Build.0 = Release|x64
		{5CE99BF5-4A77-48FE-9303-72271C34551D}.Release|x86.ActiveCfg = Release|Win32
		{5CE99BF5-4A77-48FE-9303-72271C34551D}.Release|x86.Build.0 = Release|Win32
		{F37EE15A-7EE2-46B0-85FA-D1479BE0E68D}.Debug|x64.ActiveCfg = Release|x86
		{F37EE15A-7EE2-46B0-85FA-D1479BE0E68D}.Debug|x86.ActiveCfg = Release|x86
		{F37EE15A-7EE2-46B0-85FA-D1479BE0E68D}.Release|x64.ActiveCfg = Release|x86
		{F37EE15A-7EE2-46B0-85FA-D1479BE0E68D}.Release|x86.ActiveCfg = Release|x86
		{4A446442-7A28-49E7-8028-63166A74A4F6}.Debug|x64.ActiveCfg = Release|x86
		{4A446442-7A28-49E7-8028-63166A74A4F6}.Debug|x86.ActiveCfg = Release|x86
		{4A446442-7A28-49E7-8028-63166A74A4F6}.Release|x64.ActiveCfg = Release|x86
		{4A446442-7A28-49E7-8028-63166A74A4F6}.Release|x86.ActiveCfg = Release|x86
		{9954D133-5EB0-4F4F-8D86-8AAAD504BB31}.Debug|x64.ActiveCfg = Release|x86
		{9954D133-5EB0-4F4F-8D86-8AAAD504BB31}.Debug|x86.ActiveCfg = Release|x86
		{9954D133-5EB0-4F4F-8D86-8AAAD504BB31}.Release|x64.ActiveCfg = Release|x86
		{9954D133-5EB0-4F4F-8D86-8AAAD504BB31}.Release|x86.ActiveCfg = Release|x86
	EndGlobalSection
	GlobalSection(SolutionProperties) = preSolution
		HideSolutionNode = FALSE
	EndGlobalSection
EndGlobal
